
Microsoft Visual Studio Solution File, Format Version 12.00
# Visual Studio 2012
Project("{FAE04EC0-301F-11D3-BF4B-00C04F79EFBC}") = "WadGraphEs.MetricsEndpoint", "WadGraphEs.MetricsEndpoint\WadGraphEs.MetricsEndpoint.csproj", "{DD87954D-AF29-48F4-81D2-69EC4BCC24F1}"
EndProject
Project("{FAE04EC0-301F-11D3-BF4B-00C04F79EFBC}") = "WadGraphEs.MetricsEndpoint.Lib", "WadGraphEs.MetricsEndpoint.Lib\WadGraphEs.MetricsEndpoint.Lib.csproj", "{A2653E29-7ECE-43F0-A7C4-1574374813C3}"
EndProject
Project("{FAE04EC0-301F-11D3-BF4B-00C04F79EFBC}") = "WadGraphEs.MetricsEndpoint.Console", "WadGraphEs.MetricsEndpoint.Console\WadGraphEs.MetricsEndpoint.Console.csproj", "{31B97C17-8044-4752-B2B3-2595C5D7107B}"
EndProject
Global
	GlobalSection(SolutionConfigurationPlatforms) = preSolution
		Debug|Any CPU = Debug|Any CPU
		Release|Any CPU = Release|Any CPU
	EndGlobalSection
	GlobalSection(ProjectConfigurationPlatforms) = postSolution
		{DD87954D-AF29-48F4-81D2-69EC4BCC24F1}.Debug|Any CPU.ActiveCfg = Debug|Any CPU
		{DD87954D-AF29-48F4-81D2-69EC4BCC24F1}.Debug|Any CPU.Build.0 = Debug|Any CPU
		{DD87954D-AF29-48F4-81D2-69EC4BCC24F1}.Release|Any CPU.ActiveCfg = Release|Any CPU
		{DD87954D-AF29-48F4-81D2-69EC4BCC24F1}.Release|Any CPU.Build.0 = Release|Any CPU
		{A2653E29-7ECE-43F0-A7C4-1574374813C3}.Debug|Any CPU.ActiveCfg = Debug|Any CPU
		{A2653E29-7ECE-43F0-A7C4-1574374813C3}.Debug|Any CPU.Build.0 = Debug|Any CPU
		{A2653E29-7ECE-43F0-A7C4-1574374813C3}.Release|Any CPU.ActiveCfg = Release|Any CPU
		{A2653E29-7ECE-43F0-A7C4-1574374813C3}.Release|Any CPU.Build.0 = Release|Any CPU
		{31B97C17-8044-4752-B2B3-2595C5D7107B}.Debug|Any CPU.ActiveCfg = Debug|Any CPU
		{31B97C17-8044-4752-B2B3-2595C5D7107B}.Debug|Any CPU.Build.0 = Debug|Any CPU
		{31B97C17-8044-4752-B2B3-2595C5D7107B}.Release|Any CPU.ActiveCfg = Release|Any CPU
		{31B97C17-8044-4752-B2B3-2595C5D7107B}.Release|Any CPU.Build.0 = Release|Any CPU
	EndGlobalSection
	GlobalSection(SolutionProperties) = preSolution
		HideSolutionNode = FALSE
	EndGlobalSection
EndGlobal
